// !$*UTF8*$!
{
	archiveVersion = 1;
	classes = {
	};
	objectVersion = 46;
	objects = {

/* Begin PBXBuildFile section */
		6D101341DD4C86D6D9EA146D /* Pods_EventsInvitation.framework in Frameworks */ = {isa = PBXBuildFile; fileRef = 37F0E1EEDEA9BD49D5B142DA /* Pods_EventsInvitation.framework */; };
		F63D3A5A1E7A370700C88E09 /* AppDelegate.swift in Sources */ = {isa = PBXBuildFile; fileRef = F63D3A591E7A370700C88E09 /* AppDelegate.swift */; };
		F63D3A5C1E7A370700C88E09 /* ViewController.swift in Sources */ = {isa = PBXBuildFile; fileRef = F63D3A5B1E7A370700C88E09 /* ViewController.swift */; };
		F63D3A5F1E7A370700C88E09 /* Main.storyboard in Resources */ = {isa = PBXBuildFile; fileRef = F63D3A5D1E7A370700C88E09 /* Main.storyboard */; };
		F63D3A621E7A370700C88E09 /* EventsInvitation.xcdatamodeld in Sources */ = {isa = PBXBuildFile; fileRef = F63D3A601E7A370700C88E09 /* EventsInvitation.xcdatamodeld */; };
		F63D3A641E7A370700C88E09 /* Assets.xcassets in Resources */ = {isa = PBXBuildFile; fileRef = F63D3A631E7A370700C88E09 /* Assets.xcassets */; };
		F63D3A671E7A370700C88E09 /* LaunchScreen.storyboard in Resources */ = {isa = PBXBuildFile; fileRef = F63D3A651E7A370700C88E09 /* LaunchScreen.storyboard */; };
		F66576201E7A738B00CF8FAC /* CJCarouselVC.swift in Sources */ = {isa = PBXBuildFile; fileRef = F665761F1E7A738B00CF8FAC /* CJCarouselVC.swift */; };
/* End PBXBuildFile section */

/* Begin PBXFileReference section */
		05012201345BD7D2F1C50C5E /* Pods-EventsInvitation.debug.xcconfig */ = {isa = PBXFileReference; includeInIndex = 1; lastKnownFileType = text.xcconfig; name = "Pods-EventsInvitation.debug.xcconfig"; path = "Pods/Target Support Files/Pods-EventsInvitation/Pods-EventsInvitation.debug.xcconfig"; sourceTree = "<group>"; };
		37F0E1EEDEA9BD49D5B142DA /* Pods_EventsInvitation.framework */ = {isa = PBXFileReference; explicitFileType = wrapper.framework; includeInIndex = 0; path = Pods_EventsInvitation.framework; sourceTree = BUILT_PRODUCTS_DIR; };
		86F2927D8B2D1013D76349EC /* Pods-EventsInvitation.release.xcconfig */ = {isa = PBXFileReference; includeInIndex = 1; lastKnownFileType = text.xcconfig; name = "Pods-EventsInvitation.release.xcconfig"; path = "Pods/Target Support Files/Pods-EventsInvitation/Pods-EventsInvitation.release.xcconfig"; sourceTree = "<group>"; };
		F63D3A561E7A370700C88E09 /* EventsInvitation.app */ = {isa = PBXFileReference; explicitFileType = wrapper.application; includeInIndex = 0; path = EventsInvitation.app; sourceTree = BUILT_PRODUCTS_DIR; };
		F63D3A591E7A370700C88E09 /* AppDelegate.swift */ = {isa = PBXFileReference; lastKnownFileType = sourcecode.swift; path = AppDelegate.swift; sourceTree = "<group>"; };
		F63D3A5B1E7A370700C88E09 /* ViewController.swift */ = {isa = PBXFileReference; lastKnownFileType = sourcecode.swift; path = ViewController.swift; sourceTree = "<group>"; };
		F63D3A5E1E7A370700C88E09 /* Base */ = {isa = PBXFileReference; lastKnownFileType = file.storyboard; name = Base; path = Base.lproj/Main.storyboard; sourceTree = "<group>"; };
		F63D3A611E7A370700C88E09 /* EventsInvitation.xcdatamodel */ = {isa = PBXFileReference; lastKnownFileType = wrapper.xcdatamodel; path = EventsInvitation.xcdatamodel; sourceTree = "<group>"; };
		F63D3A631E7A370700C88E09 /* Assets.xcassets */ = {isa = PBXFileReference; lastKnownFileType = folder.assetcatalog; path = Assets.xcassets; sourceTree = "<group>"; };
		F63D3A661E7A370700C88E09 /* Base */ = {isa = PBXFileReference; lastKnownFileType = file.storyboard; name = Base; path = Base.lproj/LaunchScreen.storyboard; sourceTree = "<group>"; };
		F63D3A681E7A370700C88E09 /* Info.plist */ = {isa = PBXFileReference; lastKnownFileType = text.plist.xml; path = Info.plist; sourceTree = "<group>"; };
		F665761F1E7A738B00CF8FAC /* CJCarouselVC.swift */ = {isa = PBXFileReference; fileEncoding = 4; lastKnownFileType = sourcecode.swift; path = CJCarouselVC.swift; sourceTree = "<group>"; };
/* End PBXFileReference section */

/* Begin PBXFrameworksBuildPhase section */
		F63D3A531E7A370700C88E09 /* Frameworks */ = {
			isa = PBXFrameworksBuildPhase;
			buildActionMask = 2147483647;
			files = (
				6D101341DD4C86D6D9EA146D /* Pods_EventsInvitation.framework in Frameworks */,
			);
			runOnlyForDeploymentPostprocessing = 0;
		};
/* End PBXFrameworksBuildPhase section */

/* Begin PBXGroup section */
		74DA267025F28E2724308E75 /* Frameworks */ = {
			isa = PBXGroup;
			children = (
				37F0E1EEDEA9BD49D5B142DA /* Pods_EventsInvitation.framework */,
			);
			name = Frameworks;
			sourceTree = "<group>";
		};
		BA75938353E85D67B0007CE2 /* Pods */ = {
			isa = PBXGroup;
			children = (
				05012201345BD7D2F1C50C5E /* Pods-EventsInvitation.debug.xcconfig */,
				86F2927D8B2D1013D76349EC /* Pods-EventsInvitation.release.xcconfig */,
			);
			name = Pods;
			sourceTree = "<group>";
		};
		F63D3A4D1E7A370700C88E09 = {
			isa = PBXGroup;
			children = (
				F665761E1E7A41F500CF8FAC /* CJStart */,
				F63D3A581E7A370700C88E09 /* EventsInvitation */,
				F63D3A571E7A370700C88E09 /* Products */,
				BA75938353E85D67B0007CE2 /* Pods */,
				74DA267025F28E2724308E75 /* Frameworks */,
			);
			sourceTree = "<group>";
		};
		F63D3A571E7A370700C88E09 /* Products */ = {
			isa = PBXGroup;
			children = (
				F63D3A561E7A370700C88E09 /* EventsInvitation.app */,
			);
			name = Products;
			sourceTree = "<group>";
		};
		F63D3A581E7A370700C88E09 /* EventsInvitation */ = {
			isa = PBXGroup;
			children = (
				F63D3A591E7A370700C88E09 /* AppDelegate.swift */,
				F63D3A5B1E7A370700C88E09 /* ViewController.swift */,
				F63D3A5D1E7A370700C88E09 /* Main.storyboard */,
				F63D3A631E7A370700C88E09 /* Assets.xcassets */,
				F63D3A651E7A370700C88E09 /* LaunchScreen.storyboard */,
				F63D3A681E7A370700C88E09 /* Info.plist */,
				F63D3A601E7A370700C88E09 /* EventsInvitation.xcdatamodeld */,
			);
			path = EventsInvitation;
			sourceTree = "<group>";
		};
		F665761E1E7A41F500CF8FAC /* CJStart */ = {
			isa = PBXGroup;
			children = (
				F665761F1E7A738B00CF8FAC /* CJCarouselVC.swift */,
			);
			name = CJStart;
			sourceTree = "<group>";
		};
/* End PBXGroup section */

/* Begin PBXNativeTarget section */
		F63D3A551E7A370700C88E09 /* EventsInvitation */ = {
			isa = PBXNativeTarget;
			buildConfigurationList = F63D3A6B1E7A370700C88E09 /* Build configuration list for PBXNativeTarget "EventsInvitation" */;
			buildPhases = (
				02EF711B6DD9D488D4D257F7 /* [CP] Check Pods Manifest.lock */,
				F63D3A521E7A370700C88E09 /* Sources */,
				F63D3A531E7A370700C88E09 /* Frameworks */,
				F63D3A541E7A370700C88E09 /* Resources */,
				B2956EF31372DB8877C9F515 /* [CP] Embed Pods Frameworks */,
				1E08ACE831236F160F51220F /* [CP] Copy Pods Resources */,
			);
			buildRules = (
			);
			dependencies = (
			);
			name = EventsInvitation;
			productName = EventsInvitation;
			productReference = F63D3A561E7A370700C88E09 /* EventsInvitation.app */;
			productType = "com.apple.product-type.application";
		};
/* End PBXNativeTarget section */

/* Begin PBXProject section */
		F63D3A4E1E7A370700C88E09 /* Project object */ = {
			isa = PBXProject;
			attributes = {
				LastSwiftUpdateCheck = 0820;
				LastUpgradeCheck = 0820;
				ORGANIZATIONNAME = CodeJ;
				TargetAttributes = {
					F63D3A551E7A370700C88E09 = {
						CreatedOnToolsVersion = 8.2.1;
						ProvisioningStyle = Automatic;
					};
				};
			};
			buildConfigurationList = F63D3A511E7A370700C88E09 /* Build configuration list for PBXProject "EventsInvitation" */;
			compatibilityVersion = "Xcode 3.2";
			developmentRegion = English;
			hasScannedForEncodings = 0;
			knownRegions = (
				en,
				Base,
			);
			mainGroup = F63D3A4D1E7A370700C88E09;
			productRefGroup = F63D3A571E7A370700C88E09 /* Products */;
			projectDirPath = "";
			projectRoot = "";
			targets = (
				F63D3A551E7A370700C88E09 /* EventsInvitation */,
			);
		};
/* End PBXProject section */

/* Begin PBXResourcesBuildPhase section */
		F63D3A541E7A370700C88E09 /* Resources */ = {
			isa = PBXResourcesBuildPhase;
			buildActionMask = 2147483647;
			files = (
				F63D3A671E7A370700C88E09 /* LaunchScreen.storyboard in Resources */,
				F63D3A641E7A370700C88E09 /* Assets.xcassets in Resources */,
				F63D3A5F1E7A370700C88E09 /* Main.storyboard in Resources */,
			);
			runOnlyForDeploymentPostprocessing = 0;
		};
/* End PBXResourcesBuildPhase section */

/* Begin PBXShellScriptBuildPhase section */
		02EF711B6DD9D488D4D257F7 /* [CP] Check Pods Manifest.lock */ = {
			isa = PBXShellScriptBuildPhase;
			buildActionMask = 2147483647;
			files = (
			);
			inputPaths = (
			);
			name = "[CP] Check Pods Manifest.lock";
			outputPaths = (
			);
			runOnlyForDeploymentPostprocessing = 0;
			shellPath = /bin/sh;
			shellScript = "diff \"${PODS_ROOT}/../Podfile.lock\" \"${PODS_ROOT}/Manifest.lock\" > /dev/null\nif [ $? != 0 ] ; then\n    # print error to STDERR\n    echo \"error: The sandbox is not in sync with the Podfile.lock. Run 'pod install' or update your CocoaPods installation.\" >&2\n    exit 1\nfi\n";
			showEnvVarsInLog = 0;
		};
		1E08ACE831236F160F51220F /* [CP] Copy Pods Resources */ = {
			isa = PBXShellScriptBuildPhase;
			buildActionMask = 2147483647;
			files = (
			);
			inputPaths = (
			);
			name = "[CP] Copy Pods Resources";
			outputPaths = (
			);
			runOnlyForDeploymentPostprocessing = 0;
			shellPath = /bin/sh;
			shellScript = "\"${SRCROOT}/Pods/Target Support Files/Pods-EventsInvitation/Pods-EventsInvitation-resources.sh\"\n";
			showEnvVarsInLog = 0;
		};
		B2956EF31372DB8877C9F515 /* [CP] Embed Pods Frameworks */ = {
			isa = PBXShellScriptBuildPhase;
			buildActionMask = 2147483647;
			files = (
			);
			inputPaths = (
			);
			name = "[CP] Embed Pods Frameworks";
			outputPaths = (
			);
			runOnlyForDeploymentPostprocessing = 0;
			shellPath = /bin/sh;
			shellScript = "\"${SRCROOT}/Pods/Target Support Files/Pods-EventsInvitation/Pods-EventsInvitation-frameworks.sh\"\n";
			showEnvVarsInLog = 0;
		};
/* End PBXShellScriptBuildPhase section */

/* Begin PBXSourcesBuildPhase section */
		F63D3A521E7A370700C88E09 /* Sources */ = {
			isa = PBXSourcesBuildPhase;
			buildActionMask = 2147483647;
			files = (
				F63D3A621E7A370700C88E09 /* EventsInvitation.xcdatamodeld in Sources */,
				F66576201E7A738B00CF8FAC /* CJCarouselVC.swift in Sources */,
				F63D3A5C1E7A370700C88E09 /* ViewController.swift in Sources */,
				F63D3A5A1E7A370700C88E09 /* AppDelegate.swift in Sources */,
			);
			runOnlyForDeploymentPostprocessing = 0;
		};
/* End PBXSourcesBuildPhase section */

/* Begin PBXVariantGroup section */
		F63D3A5D1E7A370700C88E09 /* Main.storyboard */ = {
			isa = PBXVariantGroup;
			children = (
				F63D3A5E1E7A370700C88E09 /* Base */,
			);
			name = Main.storyboard;
			sourceTree = "<group>";
		};
		F63D3A651E7A370700C88E09 /* LaunchScreen.storyboard */ = {
			isa = PBXVariantGroup;
			children = (
				F63D3A661E7A370700C88E09 /* Base */,
			);
			name = LaunchScreen.storyboard;
			sourceTree = "<group>";
		};
/* End PBXVariantGroup section */

/* Begin XCBuildConfiguration section */
		F63D3A691E7A370700C88E09 /* Debug */ = {
			isa = XCBuildConfiguration;
			buildSettings = {
				ALWAYS_SEARCH_USER_PATHS = NO;
				CLANG_ANALYZER_NONNULL = YES;
				CLANG_CXX_LANGUAGE_STANDARD = "gnu++0x";
				CLANG_CXX_LIBRARY = "libc++";
				CLANG_ENABLE_MODULES = YES;
				CLANG_ENABLE_OBJC_ARC = YES;
				CLANG_WARN_BOOL_CONVERSION = YES;
				CLANG_WARN_CONSTANT_CONVERSION = YES;
				CLANG_WARN_DIRECT_OBJC_ISA_USAGE = YES_ERROR;
				CLANG_WARN_DOCUMENTATION_COMMENTS = YES;
				CLANG_WARN_EMPTY_BODY = YES;
				CLANG_WARN_ENUM_CONVERSION = YES;
				CLANG_WARN_INFINITE_RECURSION = YES;
				CLANG_WARN_INT_CONVERSION = YES;
				CLANG_WARN_OBJC_ROOT_CLASS = YES_ERROR;
				CLANG_WARN_SUSPICIOUS_MOVE = YES;
				CLANG_WARN_UNREACHABLE_CODE = YES;
				CLANG_WARN__DUPLICATE_METHOD_MATCH = YES;
				"CODE_SIGN_IDENTITY[sdk=iphoneos*]" = "iPhone Developer";
				COPY_PHASE_STRIP = NO;
				DEBUG_INFORMATION_FORMAT = dwarf;
				ENABLE_STRICT_OBJC_MSGSEND = YES;
				ENABLE_TESTABILITY = YES;
				GCC_C_LANGUAGE_STANDARD = gnu99;
				GCC_DYNAMIC_NO_PIC = NO;
				GCC_NO_COMMON_BLOCKS = YES;
				GCC_OPTIMIZATION_LEVEL = 0;
				GCC_PREPROCESSOR_DEFINITIONS = (
					"DEBUG=1",
					"$(inherited)",
				);
				GCC_WARN_64_TO_32_BIT_CONVERSION = YES;
				GCC_WARN_ABOUT_RETURN_TYPE = YES_ERROR;
				GCC_WARN_UNDECLARED_SELECTOR = YES;
				GCC_WARN_UNINITIALIZED_AUTOS = YES_AGGRESSIVE;
				GCC_WARN_UNUSED_FUNCTION = YES;
				GCC_WARN_UNUSED_VARIABLE = YES;
				IPHONEOS_DEPLOYMENT_TARGET = 10.2;
				MTL_ENABLE_DEBUG_INFO = YES;
				ONLY_ACTIVE_ARCH = YES;
				SDKROOT = iphoneos;
				SWIFT_ACTIVE_COMPILATION_CONDITIONS = DEBUG;
				SWIFT_OPTIMIZATION_LEVEL = "-Onone";
			};
			name = Debug;
		};
		F63D3A6A1E7A370700C88E09 /* Release */ = {
			isa = XCBuildConfiguration;
			buildSettings = {
				ALWAYS_SEARCH_USER_PATHS = NO;
				CLANG_ANALYZER_NONNULL = YES;
				CLANG_CXX_LANGUAGE_STANDARD = "gnu++0x";
				CLANG_CXX_LIBRARY = "libc++";
				CLANG_ENABLE_MODULES = YES;
				CLANG_ENABLE_OBJC_ARC = YES;
				CLANG_WARN_BOOL_CONVERSION = YES;
				CLANG_WARN_CONSTANT_CONVERSION = YES;
				CLANG_WARN_DIRECT_OBJC_ISA_USAGE = YES_ERROR;
				CLANG_WARN_DOCUMENTATION_COMMENTS = YES;
				CLANG_WARN_EMPTY_BODY = YES;
				CLANG_WARN_ENUM_CONVERSION = YES;
				CLANG_WARN_INFINITE_RECURSION = YES;
				CLANG_WARN_INT_CONVERSION = YES;
				CLANG_WARN_OBJC_ROOT_CLASS = YES_ERROR;
				CLANG_WARN_SUSPICIOUS_MOVE = YES;
				CLANG_WARN_UNREACHABLE_CODE = YES;
				CLANG_WARN__DUPLICATE_METHOD_MATCH = YES;
				"CODE_SIGN_IDENTITY[sdk=iphoneos*]" = "iPhone Developer";
				COPY_PHASE_STRIP = NO;
				DEBUG_INFORMATION_FORMAT = "dwarf-with-dsym";
				ENABLE_NS_ASSERTIONS = NO;
				ENABLE_STRICT_OBJC_MSGSEND = YES;
				GCC_C_LANGUAGE_STANDARD = gnu99;
				GCC_NO_COMMON_BLOCKS = YES;
				GCC_WARN_64_TO_32_BIT_CONVERSION = YES;
				GCC_WARN_ABOUT_RETURN_TYPE = YES_ERROR;
				GCC_WARN_UNDECLARED_SELECTOR = YES;
				GCC_WARN_UNINITIALIZED_AUTOS = YES_AGGRESSIVE;
				GCC_WARN_UNUSED_FUNCTION = YES;
				GCC_WARN_UNUSED_VARIABLE = YES;
				IPHONEOS_DEPLOYMENT_TARGET = 10.2;
				MTL_ENABLE_DEBUG_INFO = NO;
				SDKROOT = iphoneos;
				SWIFT_OPTIMIZATION_LEVEL = "-Owholemodule";
				VALIDATE_PRODUCT = YES;
			};
			name = Release;
		};
		F63D3A6C1E7A370700C88E09 /* Debug */ = {
			isa = XCBuildConfiguration;
			baseConfigurationReference = 05012201345BD7D2F1C50C5E /* Pods-EventsInvitation.debug.xcconfig */;
			buildSettings = {
				ASSETCATALOG_COMPILER_APPICON_NAME = AppIcon;
				INFOPLIST_FILE = EventsInvitation/Info.plist;
				LD_RUNPATH_SEARCH_PATHS = "$(inherited) @executable_path/Frameworks";
				PRODUCT_BUNDLE_IDENTIFIER = com.CodeJ.EventsInvitation;
				PRODUCT_NAME = "$(TARGET_NAME)";
				SWIFT_VERSION = 3.0;
			};
			name = Debug;
		};
		F63D3A6D1E7A370700C88E09 /* Release */ = {
			isa = XCBuildConfiguration;
			baseConfigurationReference = 86F2927D8B2D1013D76349EC /* Pods-EventsInvitation.release.xcconfig */;
			buildSettings = {
				ASSETCATALOG_COMPILER_APPICON_NAME = AppIcon;
				INFOPLIST_FILE = EventsInvitation/Info.plist;
				LD_RUNPATH_SEARCH_PATHS = "$(inherited) @executable_path/Frameworks";
				PRODUCT_BUNDLE_IDENTIFIER = com.CodeJ.EventsInvitation;
				PRODUCT_NAME = "$(TARGET_NAME)";
				SWIFT_VERSION = 3.0;
			};
			name = Release;
		};
/* End XCBuildConfiguration section */

/* Begin XCConfigurationList section */
		F63D3A511E7A370700C88E09 /* Build configuration list for PBXProject "EventsInvitation" */ = {
			isa = XCConfigurationList;
			buildConfigurations = (
				F63D3A691E7A370700C88E09 /* Debug */,
				F63D3A6A1E7A370700C88E09 /* Release */,
			);
			defaultConfigurationIsVisible = 0;
			defaultConfigurationName = Release;
		};
		F63D3A6B1E7A370700C88E09 /* Build configuration list for PBXNativeTarget "EventsInvitation" */ = {
			isa = XCConfigurationList;
			buildConfigurations = (
				F63D3A6C1E7A370700C88E09 /* Debug */,
				F63D3A6D1E7A370700C88E09 /* Release */,
			);
			defaultConfigurationIsVisible = 0;
			defaultConfigurationName = Release;
		};
/* End XCConfigurationList section */

/* Begin XCVersionGroup section */
		F63D3A601E7A370700C88E09 /* EventsInvitation.xcdatamodeld */ = {
			isa = XCVersionGroup;
			children = (
				F63D3A611E7A370700C88E09 /* EventsInvitation.xcdatamodel */,
			);
			currentVersion = F63D3A611E7A370700C88E09 /* EventsInvitation.xcdatamodel */;
			path = EventsInvitation.xcdatamodeld;
			sourceTree = "<group>";
			versionGroupType = wrapper.xcdatamodel;
		};
/* End XCVersionGroup section */
	};
	rootObject = F63D3A4E1E7A370700C88E09 /* Project object */;
}
